
Microsoft Visual Studio Solution File, Format Version 12.00
# Visual Studio 2012
Project("{A0786B88-2ADB-4C21-ABE8-AA2D79766269}") = "pamfax", "pamfax.phpproj", "{8CB58655-57A6-44A5-A29B-1BB43868DA65}"
EndProject
Global
	GlobalSection(SolutionConfigurationPlatforms) = preSolution
		Debug|Any CPU = Debug|Any CPU
		Release|Any CPU = Release|Any CPU
	EndGlobalSection
	GlobalSection(ProjectConfigurationPlatforms) = postSolution
		{8CB58655-57A6-44A5-A29B-1BB43868DA65}.Debug|Any CPU.ActiveCfg = Debug|Any CPU
		{8CB58655-57A6-44A5-A29B-1BB43868DA65}.Release|Any CPU.ActiveCfg = Release|Any CPU
		{8CB58655-57A6-44A5-A29B-1BB43868DA65}.Release|Any CPU.Build.0 = Release|Any CPU
	EndGlobalSection
	GlobalSection(SolutionProperties) = preSolution
		HideSolutionNode = FALSE
	EndGlobalSection
	GlobalSection(ExtensibilityGlobals) = postSolution
		VisualSVNWorkingCopyRoot = .
	EndGlobalSection
EndGlobal
